
Microsoft Visual Studio Solution File, Format Version 12.00
# Visual Studio 15
VisualStudioVersion = 15.0.28307.779
MinimumVisualStudioVersion = 10.0.40219.1
Project("{9A19103F-16F7-4668-BE54-9A1E7A4F7556}") = "LargeDatasetML", "LargeDatasetML.csproj", "{4478F639-89DB-4B82-AFD0-F69D22787235}"
EndProject
Global
	GlobalSection(SolutionConfigurationPlatforms) = preSolution
		Debug|Any CPU = Debug|Any CPU
		Release|Any CPU = Release|Any CPU
	EndGlobalSection
	GlobalSection(ProjectConfigurationPlatforms) = postSolution
		{4478F639-89DB-4B82-AFD0-F69D22787235}.Debug|Any CPU.ActiveCfg = Debug|Any CPU
		{4478F639-89DB-4B82-AFD0-F69D22787235}.Debug|Any CPU.Build.0 = Debug|Any CPU
		{4478F639-89DB-4B82-AFD0-F69D22787235}.Release|Any CPU.ActiveCfg = Release|Any CPU
		{4478F639-89DB-4B82-AFD0-F69D22787235}.Release|Any CPU.Build.0 = Release|Any CPU
	EndGlobalSection
	GlobalSection(SolutionProperties) = preSolution
		HideSolutionNode = FALSE
	EndGlobalSection
	GlobalSection(ExtensibilityGlobals) = postSolution
		SolutionGuid = {296EFFC2-E0B6-451D-B1BE-DB3AC4407419}
	EndGlobalSection
EndGlobal
